// !$*UTF8*$!
{
	archiveVersion = 1;
	classes = {
	};
	objectVersion = 55;
	objects = {

/* Begin PBXBuildFile section */
		FAC1442328C7733500696E0A /* AlertController in Frameworks */ = {isa = PBXBuildFile; productRef = FAC1442228C7733500696E0A /* AlertController */; };
		FAE7854728CDCB3C00D67158 /* MainViewController.swift in Sources */ = {isa = PBXBuildFile; fileRef = FAE7854628CDCB3C00D67158 /* MainViewController.swift */; };
		FAF0F9D228C770AC00CC98B5 /* AppDelegate.swift in Sources */ = {isa = PBXBuildFile; fileRef = FAF0F9D128C770AC00CC98B5 /* AppDelegate.swift */; };
		FAF0F9D428C770AC00CC98B5 /* SceneDelegate.swift in Sources */ = {isa = PBXBuildFile; fileRef = FAF0F9D328C770AC00CC98B5 /* SceneDelegate.swift */; };
		FAF0F9D928C770AC00CC98B5 /* Main.storyboard in Resources */ = {isa = PBXBuildFile; fileRef = FAF0F9D728C770AC00CC98B5 /* Main.storyboard */; };
		FAF0F9DB28C770AD00CC98B5 /* Assets.xcassets in Resources */ = {isa = PBXBuildFile; fileRef = FAF0F9DA28C770AD00CC98B5 /* Assets.xcassets */; };
		FAF0F9DE28C770AD00CC98B5 /* LaunchScreen.storyboard in Resources */ = {isa = PBXBuildFile; fileRef = FAF0F9DC28C770AD00CC98B5 /* LaunchScreen.storyboard */; };
		FAF0F9E928C770AD00CC98B5 /* AlertControllerExampleTests.swift in Sources */ = {isa = PBXBuildFile; fileRef = FAF0F9E828C770AD00CC98B5 /* AlertControllerExampleTests.swift */; };
		FAF0F9F328C770AD00CC98B5 /* AlertControllerExampleUITests.swift in Sources */ = {isa = PBXBuildFile; fileRef = FAF0F9F228C770AD00CC98B5 /* AlertControllerExampleUITests.swift */; };
		FAF0F9F528C770AD00CC98B5 /* AlertControllerExampleUITestsLaunchTests.swift in Sources */ = {isa = PBXBuildFile; fileRef = FAF0F9F428C770AD00CC98B5 /* AlertControllerExampleUITestsLaunchTests.swift */; };
/* End PBXBuildFile section */

/* Begin PBXContainerItemProxy section */
		FAF0F9E528C770AD00CC98B5 /* PBXContainerItemProxy */ = {
			isa = PBXContainerItemProxy;
			containerPortal = FAF0F9C628C770AC00CC98B5 /* Project object */;
			proxyType = 1;
			remoteGlobalIDString = FAF0F9CD28C770AC00CC98B5;
			remoteInfo = AlertControllerExample;
		};
		FAF0F9EF28C770AD00CC98B5 /* PBXContainerItemProxy */ = {
			isa = PBXContainerItemProxy;
			containerPortal = FAF0F9C628C770AC00CC98B5 /* Project object */;
			proxyType = 1;
			remoteGlobalIDString = FAF0F9CD28C770AC00CC98B5;
			remoteInfo = AlertControllerExample;
		};
/* End PBXContainerItemProxy section */

/* Begin PBXFileReference section */
		FAE7854628CDCB3C00D67158 /* MainViewController.swift */ = {isa = PBXFileReference; fileEncoding = 4; lastKnownFileType = sourcecode.swift; path = MainViewController.swift; sourceTree = "<group>"; };
		FAF0F9CE28C770AC00CC98B5 /* AlertControllerExample.app */ = {isa = PBXFileReference; explicitFileType = wrapper.application; includeInIndex = 0; path = AlertControllerExample.app; sourceTree = BUILT_PRODUCTS_DIR; };
		FAF0F9D128C770AC00CC98B5 /* AppDelegate.swift */ = {isa = PBXFileReference; lastKnownFileType = sourcecode.swift; path = AppDelegate.swift; sourceTree = "<group>"; };
		FAF0F9D328C770AC00CC98B5 /* SceneDelegate.swift */ = {isa = PBXFileReference; lastKnownFileType = sourcecode.swift; path = SceneDelegate.swift; sourceTree = "<group>"; };
		FAF0F9D828C770AC00CC98B5 /* Base */ = {isa = PBXFileReference; lastKnownFileType = file.storyboard; name = Base; path = Base.lproj/Main.storyboard; sourceTree = "<group>"; };
		FAF0F9DA28C770AD00CC98B5 /* Assets.xcassets */ = {isa = PBXFileReference; lastKnownFileType = folder.assetcatalog; path = Assets.xcassets; sourceTree = "<group>"; };
		FAF0F9DD28C770AD00CC98B5 /* Base */ = {isa = PBXFileReference; lastKnownFileType = file.storyboard; name = Base; path = Base.lproj/LaunchScreen.storyboard; sourceTree = "<group>"; };
		FAF0F9DF28C770AD00CC98B5 /* Info.plist */ = {isa = PBXFileReference; lastKnownFileType = text.plist.xml; path = Info.plist; sourceTree = "<group>"; };
		FAF0F9E428C770AD00CC98B5 /* AlertControllerExampleTests.xctest */ = {isa = PBXFileReference; explicitFileType = wrapper.cfbundle; includeInIndex = 0; path = AlertControllerExampleTests.xctest; sourceTree = BUILT_PRODUCTS_DIR; };
		FAF0F9E828C770AD00CC98B5 /* AlertControllerExampleTests.swift */ = {isa = PBXFileReference; lastKnownFileType = sourcecode.swift; path = AlertControllerExampleTests.swift; sourceTree = "<group>"; };
		FAF0F9EE28C770AD00CC98B5 /* AlertControllerExampleUITests.xctest */ = {isa = PBXFileReference; explicitFileType = wrapper.cfbundle; includeInIndex = 0; path = AlertControllerExampleUITests.xctest; sourceTree = BUILT_PRODUCTS_DIR; };
		FAF0F9F228C770AD00CC98B5 /* AlertControllerExampleUITests.swift */ = {isa = PBXFileReference; lastKnownFileType = sourcecode.swift; path = AlertControllerExampleUITests.swift; sourceTree = "<group>"; };
		FAF0F9F428C770AD00CC98B5 /* AlertControllerExampleUITestsLaunchTests.swift */ = {isa = PBXFileReference; lastKnownFileType = sourcecode.swift; path = AlertControllerExampleUITestsLaunchTests.swift; sourceTree = "<group>"; };
		FAF0FA0228C770C800CC98B5 /* AlertController */ = {isa = PBXFileReference; lastKnownFileType = wrapper; name = AlertController; path = ../AlertController; sourceTree = "<group>"; };
/* End PBXFileReference section */

/* Begin PBXFrameworksBuildPhase section */
		FAF0F9CB28C770AC00CC98B5 /* Frameworks */ = {
			isa = PBXFrameworksBuildPhase;
			buildActionMask = 2147483647;
			files = (
				FAC1442328C7733500696E0A /* AlertController in Frameworks */,
			);
			runOnlyForDeploymentPostprocessing = 0;
		};
		FAF0F9E128C770AD00CC98B5 /* Frameworks */ = {
			isa = PBXFrameworksBuildPhase;
			buildActionMask = 2147483647;
			files = (
			);
			runOnlyForDeploymentPostprocessing = 0;
		};
		FAF0F9EB28C770AD00CC98B5 /* Frameworks */ = {
			isa = PBXFrameworksBuildPhase;
			buildActionMask = 2147483647;
			files = (
			);
			runOnlyForDeploymentPostprocessing = 0;
		};
/* End PBXFrameworksBuildPhase section */

/* Begin PBXGroup section */
		FAC1442128C7733500696E0A /* Frameworks */ = {
			isa = PBXGroup;
			children = (
			);
			name = Frameworks;
			sourceTree = "<group>";
		};
		FAF0F9C528C770AC00CC98B5 = {
			isa = PBXGroup;
			children = (
				FAF0FA0128C770C800CC98B5 /* Packages */,
				FAF0F9D028C770AC00CC98B5 /* AlertControllerExample */,
				FAF0F9E728C770AD00CC98B5 /* AlertControllerExampleTests */,
				FAF0F9F128C770AD00CC98B5 /* AlertControllerExampleUITests */,
				FAF0F9CF28C770AC00CC98B5 /* Products */,
				FAC1442128C7733500696E0A /* Frameworks */,
			);
			sourceTree = "<group>";
		};
		FAF0F9CF28C770AC00CC98B5 /* Products */ = {
			isa = PBXGroup;
			children = (
				FAF0F9CE28C770AC00CC98B5 /* AlertControllerExample.app */,
				FAF0F9E428C770AD00CC98B5 /* AlertControllerExampleTests.xctest */,
				FAF0F9EE28C770AD00CC98B5 /* AlertControllerExampleUITests.xctest */,
			);
			name = Products;
			sourceTree = "<group>";
		};
		FAF0F9D028C770AC00CC98B5 /* AlertControllerExample */ = {
			isa = PBXGroup;
			children = (
				FAE7854628CDCB3C00D67158 /* MainViewController.swift */,
				FAF0F9D128C770AC00CC98B5 /* AppDelegate.swift */,
				FAF0F9D328C770AC00CC98B5 /* SceneDelegate.swift */,
				FAF0F9D728C770AC00CC98B5 /* Main.storyboard */,
				FAF0F9DA28C770AD00CC98B5 /* Assets.xcassets */,
				FAF0F9DC28C770AD00CC98B5 /* LaunchScreen.storyboard */,
				FAF0F9DF28C770AD00CC98B5 /* Info.plist */,
			);
			path = AlertControllerExample;
			sourceTree = "<group>";
		};
		FAF0F9E728C770AD00CC98B5 /* AlertControllerExampleTests */ = {
			isa = PBXGroup;
			children = (
				FAF0F9E828C770AD00CC98B5 /* AlertControllerExampleTests.swift */,
			);
			path = AlertControllerExampleTests;
			sourceTree = "<group>";
		};
		FAF0F9F128C770AD00CC98B5 /* AlertControllerExampleUITests */ = {
			isa = PBXGroup;
			children = (
				FAF0F9F228C770AD00CC98B5 /* AlertControllerExampleUITests.swift */,
				FAF0F9F428C770AD00CC98B5 /* AlertControllerExampleUITestsLaunchTests.swift */,
			);
			path = AlertControllerExampleUITests;
			sourceTree = "<group>";
		};
		FAF0FA0128C770C800CC98B5 /* Packages */ = {
			isa = PBXGroup;
			children = (
				FAF0FA0228C770C800CC98B5 /* AlertController */,
			);
			name = Packages;
			sourceTree = "<group>";
		};
/* End PBXGroup section */

/* Begin PBXNativeTarget section */
		FAF0F9CD28C770AC00CC98B5 /* AlertControllerExample */ = {
			isa = PBXNativeTarget;
			buildConfigurationList = FAF0F9F828C770AD00CC98B5 /* Build configuration list for PBXNativeTarget "AlertControllerExample" */;
			buildPhases = (
				FAF0F9CA28C770AC00CC98B5 /* Sources */,
				FAF0F9CB28C770AC00CC98B5 /* Frameworks */,
				FAF0F9CC28C770AC00CC98B5 /* Resources */,
			);
			buildRules = (
			);
			dependencies = (
			);
			name = AlertControllerExample;
			packageProductDependencies = (
				FAC1442228C7733500696E0A /* AlertController */,
			);
			productName = AlertControllerExample;
			productReference = FAF0F9CE28C770AC00CC98B5 /* AlertControllerExample.app */;
			productType = "com.apple.product-type.application";
		};
		FAF0F9E328C770AD00CC98B5 /* AlertControllerExampleTests */ = {
			isa = PBXNativeTarget;
			buildConfigurationList = FAF0F9FB28C770AD00CC98B5 /* Build configuration list for PBXNativeTarget "AlertControllerExampleTests" */;
			buildPhases = (
				FAF0F9E028C770AD00CC98B5 /* Sources */,
				FAF0F9E128C770AD00CC98B5 /* Frameworks */,
				FAF0F9E228C770AD00CC98B5 /* Resources */,
			);
			buildRules = (
			);
			dependencies = (
				FAF0F9E628C770AD00CC98B5 /* PBXTargetDependency */,
			);
			name = AlertControllerExampleTests;
			productName = AlertControllerExampleTests;
			productReference = FAF0F9E428C770AD00CC98B5 /* AlertControllerExampleTests.xctest */;
			productType = "com.apple.product-type.bundle.unit-test";
		};
		FAF0F9ED28C770AD00CC98B5 /* AlertControllerExampleUITests */ = {
			isa = PBXNativeTarget;
			buildConfigurationList = FAF0F9FE28C770AD00CC98B5 /* Build configuration list for PBXNativeTarget "AlertControllerExampleUITests" */;
			buildPhases = (
				FAF0F9EA28C770AD00CC98B5 /* Sources */,
				FAF0F9EB28C770AD00CC98B5 /* Frameworks */,
				FAF0F9EC28C770AD00CC98B5 /* Resources */,
			);
			buildRules = (
			);
			dependencies = (
				FAF0F9F028C770AD00CC98B5 /* PBXTargetDependency */,
			);
			name = AlertControllerExampleUITests;
			productName = AlertControllerExampleUITests;
			productReference = FAF0F9EE28C770AD00CC98B5 /* AlertControllerExampleUITests.xctest */;
			productType = "com.apple.product-type.bundle.ui-testing";
		};
/* End PBXNativeTarget section */

/* Begin PBXProject section */
		FAF0F9C628C770AC00CC98B5 /* Project object */ = {
			isa = PBXProject;
			attributes = {
				BuildIndependentTargetsInParallel = 1;
				LastSwiftUpdateCheck = 1320;
				LastUpgradeCheck = 1320;
				TargetAttributes = {
					FAF0F9CD28C770AC00CC98B5 = {
						CreatedOnToolsVersion = 13.2.1;
					};
					FAF0F9E328C770AD00CC98B5 = {
						CreatedOnToolsVersion = 13.2.1;
						TestTargetID = FAF0F9CD28C770AC00CC98B5;
					};
					FAF0F9ED28C770AD00CC98B5 = {
						CreatedOnToolsVersion = 13.2.1;
						TestTargetID = FAF0F9CD28C770AC00CC98B5;
					};
				};
			};
			buildConfigurationList = FAF0F9C928C770AC00CC98B5 /* Build configuration list for PBXProject "AlertControllerExample" */;
			compatibilityVersion = "Xcode 13.0";
			developmentRegion = en;
			hasScannedForEncodings = 0;
			knownRegions = (
				en,
				Base,
			);
			mainGroup = FAF0F9C528C770AC00CC98B5;
			productRefGroup = FAF0F9CF28C770AC00CC98B5 /* Products */;
			projectDirPath = "";
			projectRoot = "";
			targets = (
				FAF0F9CD28C770AC00CC98B5 /* AlertControllerExample */,
				FAF0F9E328C770AD00CC98B5 /* AlertControllerExampleTests */,
				FAF0F9ED28C770AD00CC98B5 /* AlertControllerExampleUITests */,
			);
		};
/* End PBXProject section */

/* Begin PBXResourcesBuildPhase section */
		FAF0F9CC28C770AC00CC98B5 /* Resources */ = {
			isa = PBXResourcesBuildPhase;
			buildActionMask = 2147483647;
			files = (
				FAF0F9DE28C770AD00CC98B5 /* LaunchScreen.storyboard in Resources */,
				FAF0F9DB28C770AD00CC98B5 /* Assets.xcassets in Resources */,
				FAF0F9D928C770AC00CC98B5 /* Main.storyboard in Resources */,
			);
			runOnlyForDeploymentPostprocessing = 0;
		};
		FAF0F9E228C770AD00CC98B5 /* Resources */ = {
			isa = PBXResourcesBuildPhase;
			buildActionMask = 2147483647;
			files = (
			);
			runOnlyForDeploymentPostprocessing = 0;
		};
		FAF0F9EC28C770AD00CC98B5 /* Resources */ = {
			isa = PBXResourcesBuildPhase;
			buildActionMask = 2147483647;
			files = (
			);
			runOnlyForDeploymentPostprocessing = 0;
		};
/* End PBXResourcesBuildPhase section */

/* Begin PBXSourcesBuildPhase section */
		FAF0F9CA28C770AC00CC98B5 /* Sources */ = {
			isa = PBXSourcesBuildPhase;
			buildActionMask = 2147483647;
			files = (
				FAF0F9D228C770AC00CC98B5 /* AppDelegate.swift in Sources */,
				FAF0F9D428C770AC00CC98B5 /* SceneDelegate.swift in Sources */,
				FAE7854728CDCB3C00D67158 /* MainViewController.swift in Sources */,
			);
			runOnlyForDeploymentPostprocessing = 0;
		};
		FAF0F9E028C770AD00CC98B5 /* Sources */ = {
			isa = PBXSourcesBuildPhase;
			buildActionMask = 2147483647;
			files = (
				FAF0F9E928C770AD00CC98B5 /* AlertControllerExampleTests.swift in Sources */,
			);
			runOnlyForDeploymentPostprocessing = 0;
		};
		FAF0F9EA28C770AD00CC98B5 /* Sources */ = {
			isa = PBXSourcesBuildPhase;
			buildActionMask = 2147483647;
			files = (
				FAF0F9F528C770AD00CC98B5 /* AlertControllerExampleUITestsLaunchTests.swift in Sources */,
				FAF0F9F328C770AD00CC98B5 /* AlertControllerExampleUITests.swift in Sources */,
			);
			runOnlyForDeploymentPostprocessing = 0;
		};
/* End PBXSourcesBuildPhase section */

/* Begin PBXTargetDependency section */
		FAF0F9E628C770AD00CC98B5 /* PBXTargetDependency */ = {
			isa = PBXTargetDependency;
			target = FAF0F9CD28C770AC00CC98B5 /* AlertControllerExample */;
			targetProxy = FAF0F9E528C770AD00CC98B5 /* PBXContainerItemProxy */;
		};
		FAF0F9F028C770AD00CC98B5 /* PBXTargetDependency */ = {
			isa = PBXTargetDependency;
			target = FAF0F9CD28C770AC00CC98B5 /* AlertControllerExample */;
			targetProxy = FAF0F9EF28C770AD00CC98B5 /* PBXContainerItemProxy */;
		};
/* End PBXTargetDependency section */

/* Begin PBXVariantGroup section */
		FAF0F9D728C770AC00CC98B5 /* Main.storyboard */ = {
			isa = PBXVariantGroup;
			children = (
				FAF0F9D828C770AC00CC98B5 /* Base */,
			);
			name = Main.storyboard;
			sourceTree = "<group>";
		};
		FAF0F9DC28C770AD00CC98B5 /* LaunchScreen.storyboard */ = {
			isa = PBXVariantGroup;
			children = (
				FAF0F9DD28C770AD00CC98B5 /* Base */,
			);
			name = LaunchScreen.storyboard;
			sourceTree = "<group>";
		};
/* End PBXVariantGroup section */

/* Begin XCBuildConfiguration section */
		FAF0F9F628C770AD00CC98B5 /* Debug */ = {
			isa = XCBuildConfiguration;
			buildSettings = {
				ALWAYS_SEARCH_USER_PATHS = NO;
				CLANG_ANALYZER_NONNULL = YES;
				CLANG_ANALYZER_NUMBER_OBJECT_CONVERSION = YES_AGGRESSIVE;
				CLANG_CXX_LANGUAGE_STANDARD = "gnu++17";
				CLANG_CXX_LIBRARY = "libc++";
				CLANG_ENABLE_MODULES = YES;
				CLANG_ENABLE_OBJC_ARC = YES;
				CLANG_ENABLE_OBJC_WEAK = YES;
				CLANG_WARN_BLOCK_CAPTURE_AUTORELEASING = YES;
				CLANG_WARN_BOOL_CONVERSION = YES;
				CLANG_WARN_COMMA = YES;
				CLANG_WARN_CONSTANT_CONVERSION = YES;
				CLANG_WARN_DEPRECATED_OBJC_IMPLEMENTATIONS = YES;
				CLANG_WARN_DIRECT_OBJC_ISA_USAGE = YES_ERROR;
				CLANG_WARN_DOCUMENTATION_COMMENTS = YES;
				CLANG_WARN_EMPTY_BODY = YES;
				CLANG_WARN_ENUM_CONVERSION = YES;
				CLANG_WARN_INFINITE_RECURSION = YES;
				CLANG_WARN_INT_CONVERSION = YES;
				CLANG_WARN_NON_LITERAL_NULL_CONVERSION = YES;
				CLANG_WARN_OBJC_IMPLICIT_RETAIN_SELF = YES;
				CLANG_WARN_OBJC_LITERAL_CONVERSION = YES;
				CLANG_WARN_OBJC_ROOT_CLASS = YES_ERROR;
				CLANG_WARN_QUOTED_INCLUDE_IN_FRAMEWORK_HEADER = YES;
				CLANG_WARN_RANGE_LOOP_ANALYSIS = YES;
				CLANG_WARN_STRICT_PROTOTYPES = YES;
				CLANG_WARN_SUSPICIOUS_MOVE = YES;
				CLANG_WARN_UNGUARDED_AVAILABILITY = YES_AGGRESSIVE;
				CLANG_WARN_UNREACHABLE_CODE = YES;
				CLANG_WARN__DUPLICATE_METHOD_MATCH = YES;
				COPY_PHASE_STRIP = NO;
				DEBUG_INFORMATION_FORMAT = dwarf;
				ENABLE_STRICT_OBJC_MSGSEND = YES;
				ENABLE_TESTABILITY = YES;
				GCC_C_LANGUAGE_STANDARD = gnu11;
				GCC_DYNAMIC_NO_PIC = NO;
				GCC_NO_COMMON_BLOCKS = YES;
				GCC_OPTIMIZATION_LEVEL = 0;
				GCC_PREPROCESSOR_DEFINITIONS = (
					"DEBUG=1",
					"$(inherited)",
				);
				GCC_WARN_64_TO_32_BIT_CONVERSION = YES;
				GCC_WARN_ABOUT_RETURN_TYPE = YES_ERROR;
				GCC_WARN_UNDECLARED_SELECTOR = YES;
				GCC_WARN_UNINITIALIZED_AUTOS = YES_AGGRESSIVE;
				GCC_WARN_UNUSED_FUNCTION = YES;
				GCC_WARN_UNUSED_VARIABLE = YES;
				IPHONEOS_DEPLOYMENT_TARGET = 15.2;
				MTL_ENABLE_DEBUG_INFO = INCLUDE_SOURCE;
				MTL_FAST_MATH = YES;
				ONLY_ACTIVE_ARCH = YES;
				SDKROOT = iphoneos;
				SWIFT_ACTIVE_COMPILATION_CONDITIONS = DEBUG;
				SWIFT_OPTIMIZATION_LEVEL = "-Onone";
			};
			name = Debug;
		};
		FAF0F9F728C770AD00CC98B5 /* Release */ = {
			isa = XCBuildConfiguration;
			buildSettings = {
				ALWAYS_SEARCH_USER_PATHS = NO;
				CLANG_ANALYZER_NONNULL = YES;
				CLANG_ANALYZER_NUMBER_OBJECT_CONVERSION = YES_AGGRESSIVE;
				CLANG_CXX_LANGUAGE_STANDARD = "gnu++17";
				CLANG_CXX_LIBRARY = "libc++";
				CLANG_ENABLE_MODULES = YES;
				CLANG_ENABLE_OBJC_ARC = YES;
				CLANG_ENABLE_OBJC_WEAK = YES;
				CLANG_WARN_BLOCK_CAPTURE_AUTORELEASING = YES;
				CLANG_WARN_BOOL_CONVERSION = YES;
				CLANG_WARN_COMMA = YES;
				CLANG_WARN_CONSTANT_CONVERSION = YES;
				CLANG_WARN_DEPRECATED_OBJC_IMPLEMENTATIONS = YES;
				CLANG_WARN_DIRECT_OBJC_ISA_USAGE = YES_ERROR;
				CLANG_WARN_DOCUMENTATION_COMMENTS = YES;
				CLANG_WARN_EMPTY_BODY = YES;
				CLANG_WARN_ENUM_CONVERSION = YES;
				CLANG_WARN_INFINITE_RECURSION = YES;
				CLANG_WARN_INT_CONVERSION = YES;
				CLANG_WARN_NON_LITERAL_NULL_CONVERSION = YES;
				CLANG_WARN_OBJC_IMPLICIT_RETAIN_SELF = YES;
				CLANG_WARN_OBJC_LITERAL_CONVERSION = YES;
				CLANG_WARN_OBJC_ROOT_CLASS = YES_ERROR;
				CLANG_WARN_QUOTED_INCLUDE_IN_FRAMEWORK_HEADER = YES;
				CLANG_WARN_RANGE_LOOP_ANALYSIS = YES;
				CLANG_WARN_STRICT_PROTOTYPES = YES;
				CLANG_WARN_SUSPICIOUS_MOVE = YES;
				CLANG_WARN_UNGUARDED_AVAILABILITY = YES_AGGRESSIVE;
				CLANG_WARN_UNREACHABLE_CODE = YES;
				CLANG_WARN__DUPLICATE_METHOD_MATCH = YES;
				COPY_PHASE_STRIP = NO;
				DEBUG_INFORMATION_FORMAT = "dwarf-with-dsym";
				ENABLE_NS_ASSERTIONS = NO;
				ENABLE_STRICT_OBJC_MSGSEND = YES;
				GCC_C_LANGUAGE_STANDARD = gnu11;
				GCC_NO_COMMON_BLOCKS = YES;
				GCC_WARN_64_TO_32_BIT_CONVERSION = YES;
				GCC_WARN_ABOUT_RETURN_TYPE = YES_ERROR;
				GCC_WARN_UNDECLARED_SELECTOR = YES;
				GCC_WARN_UNINITIALIZED_AUTOS = YES_AGGRESSIVE;
				GCC_WARN_UNUSED_FUNCTION = YES;
				GCC_WARN_UNUSED_VARIABLE = YES;
				IPHONEOS_DEPLOYMENT_TARGET = 15.2;
				MTL_ENABLE_DEBUG_INFO = NO;
				MTL_FAST_MATH = YES;
				SDKROOT = iphoneos;
				SWIFT_COMPILATION_MODE = wholemodule;
				SWIFT_OPTIMIZATION_LEVEL = "-O";
				VALIDATE_PRODUCT = YES;
			};
			name = Release;
		};
		FAF0F9F928C770AD00CC98B5 /* Debug */ = {
			isa = XCBuildConfiguration;
			buildSettings = {
				ASSETCATALOG_COMPILER_APPICON_NAME = AppIcon;
				ASSETCATALOG_COMPILER_GLOBAL_ACCENT_COLOR_NAME = AccentColor;
				CODE_SIGN_STYLE = Automatic;
				CURRENT_PROJECT_VERSION = 1;
				DEVELOPMENT_TEAM = MMPFN74Y9G;
				GENERATE_INFOPLIST_FILE = YES;
				INFOPLIST_FILE = AlertControllerExample/Info.plist;
				INFOPLIST_KEY_UIApplicationSupportsIndirectInputEvents = YES;
				INFOPLIST_KEY_UILaunchStoryboardName = LaunchScreen;
				INFOPLIST_KEY_UIMainStoryboardFile = Main;
				INFOPLIST_KEY_UISupportedInterfaceOrientations_iPad = "UIInterfaceOrientationPortrait UIInterfaceOrientationPortraitUpsideDown UIInterfaceOrientationLandscapeLeft UIInterfaceOrientationLandscapeRight";
				INFOPLIST_KEY_UISupportedInterfaceOrientations_iPhone = "UIInterfaceOrientationPortrait UIInterfaceOrientationLandscapeLeft UIInterfaceOrientationLandscapeRight";
				IPHONEOS_DEPLOYMENT_TARGET = 13.0;
				LD_RUNPATH_SEARCH_PATHS = (
					"$(inherited)",
					"@executable_path/Frameworks",
				);
				MARKETING_VERSION = 1.0;
				PRODUCT_BUNDLE_IDENTIFIER = com.mezhevikin.AlertControllerExample;
				PRODUCT_NAME = "$(TARGET_NAME)";
				SWIFT_EMIT_LOC_STRINGS = YES;
				SWIFT_VERSION = 5.0;
				TARGETED_DEVICE_FAMILY = "1,2";
			};
			name = Debug;
		};
		FAF0F9FA28C770AD00CC98B5 /* Release */ = {
			isa = XCBuildConfiguration;
			buildSettings = {
				ASSETCATALOG_COMPILER_APPICON_NAME = AppIcon;
				ASSETCATALOG_COMPILER_GLOBAL_ACCENT_COLOR_NAME = AccentColor;
				CODE_SIGN_STYLE = Automatic;
				CURRENT_PROJECT_VERSION = 1;
				DEVELOPMENT_TEAM = MMPFN74Y9G;
				GENERATE_INFOPLIST_FILE = YES;
				INFOPLIST_FILE = AlertControllerExample/Info.plist;
				INFOPLIST_KEY_UIApplicationSupportsIndirectInputEvents = YES;
				INFOPLIST_KEY_UILaunchStoryboardName = LaunchScreen;
				INFOPLIST_KEY_UIMainStoryboardFile = Main;
				INFOPLIST_KEY_UISupportedInterfaceOrientations_iPad = "UIInterfaceOrientationPortrait UIInterfaceOrientationPortraitUpsideDown UIInterfaceOrientationLandscapeLeft UIInterfaceOrientationLandscapeRight";
				INFOPLIST_KEY_UISupportedInterfaceOrientations_iPhone = "UIInterfaceOrientationPortrait UIInterfaceOrientationLandscapeLeft UIInterfaceOrientationLandscapeRight";
				IPHONEOS_DEPLOYMENT_TARGET = 13.0;
				LD_RUNPATH_SEARCH_PATHS = (
					"$(inherited)",
					"@executable_path/Frameworks",
				);
				MARKETING_VERSION = 1.0;
				PRODUCT_BUNDLE_IDENTIFIER = com.mezhevikin.AlertControllerExample;
				PRODUCT_NAME = "$(TARGET_NAME)";
				SWIFT_EMIT_LOC_STRINGS = YES;
				SWIFT_VERSION = 5.0;
				TARGETED_DEVICE_FAMILY = "1,2";
			};
			name = Release;
		};
		FAF0F9FC28C770AD00CC98B5 /* Debug */ = {
			isa = XCBuildConfiguration;
			buildSettings = {
				ALWAYS_EMBED_SWIFT_STANDARD_LIBRARIES = YES;
				BUNDLE_LOADER = "$(TEST_HOST)";
				CODE_SIGN_STYLE = Automatic;
				CURRENT_PROJECT_VERSION = 1;
				DEVELOPMENT_TEAM = MMPFN74Y9G;
				GENERATE_INFOPLIST_FILE = YES;
				IPHONEOS_DEPLOYMENT_TARGET = 15.2;
				MARKETING_VERSION = 1.0;
				PRODUCT_BUNDLE_IDENTIFIER = com.mezhevikin.AlertControllerExampleTests;
				PRODUCT_NAME = "$(TARGET_NAME)";
				SWIFT_EMIT_LOC_STRINGS = NO;
				SWIFT_VERSION = 5.0;
				TARGETED_DEVICE_FAMILY = "1,2";
				TEST_HOST = "$(BUILT_PRODUCTS_DIR)/AlertControllerExample.app/AlertControllerExample";
			};
			name = Debug;
		};
		FAF0F9FD28C770AD00CC98B5 /* Release */ = {
			isa = XCBuildConfiguration;
			buildSettings = {
				ALWAYS_EMBED_SWIFT_STANDARD_LIBRARIES = YES;
				BUNDLE_LOADER = "$(TEST_HOST)";
				CODE_SIGN_STYLE = Automatic;
				CURRENT_PROJECT_VERSION = 1;
				DEVELOPMENT_TEAM = MMPFN74Y9G;
				GENERATE_INFOPLIST_FILE = YES;
				IPHONEOS_DEPLOYMENT_TARGET = 15.2;
				MARKETING_VERSION = 1.0;
				PRODUCT_BUNDLE_IDENTIFIER = com.mezhevikin.AlertControllerExampleTests;
				PRODUCT_NAME = "$(TARGET_NAME)";
				SWIFT_EMIT_LOC_STRINGS = NO;
				SWIFT_VERSION = 5.0;
				TARGETED_DEVICE_FAMILY = "1,2";
				TEST_HOST = "$(BUILT_PRODUCTS_DIR)/AlertControllerExample.app/AlertControllerExample";
			};
			name = Release;
		};
		FAF0F9FF28C770AD00CC98B5 /* Debug */ = {
			isa = XCBuildConfiguration;
			buildSettings = {
				ALWAYS_EMBED_SWIFT_STANDARD_LIBRARIES = YES;
				CODE_SIGN_STYLE = Automatic;
				CURRENT_PROJECT_VERSION = 1;
				DEVELOPMENT_TEAM = MMPFN74Y9G;
				GENERATE_INFOPLIST_FILE = YES;
				MARKETING_VERSION = 1.0;
				PRODUCT_BUNDLE_IDENTIFIER = com.mezhevikin.AlertControllerExampleUITests;
				PRODUCT_NAME = "$(TARGET_NAME)";
				SWIFT_EMIT_LOC_STRINGS = NO;
				SWIFT_VERSION = 5.0;
				TARGETED_DEVICE_FAMILY = "1,2";
				TEST_TARGET_NAME = AlertControllerExample;
			};
			name = Debug;
		};
		FAF0FA0028C770AD00CC98B5 /* Release */ = {
			isa = XCBuildConfiguration;
			buildSettings = {
				ALWAYS_EMBED_SWIFT_STANDARD_LIBRARIES = YES;
				CODE_SIGN_STYLE = Automatic;
				CURRENT_PROJECT_VERSION = 1;
				DEVELOPMENT_TEAM = MMPFN74Y9G;
				GENERATE_INFOPLIST_FILE = YES;
				MARKETING_VERSION = 1.0;
				PRODUCT_BUNDLE_IDENTIFIER = com.mezhevikin.AlertControllerExampleUITests;
				PRODUCT_NAME = "$(TARGET_NAME)";
				SWIFT_EMIT_LOC_STRINGS = NO;
				SWIFT_VERSION = 5.0;
				TARGETED_DEVICE_FAMILY = "1,2";
				TEST_TARGET_NAME = AlertControllerExample;
			};
			name = Release;
		};
/* End XCBuildConfiguration section */

/* Begin XCConfigurationList section */
		FAF0F9C928C770AC00CC98B5 /* Build configuration list for PBXProject "AlertControllerExample" */ = {
			isa = XCConfigurationList;
			buildConfigurations = (
				FAF0F9F628C770AD00CC98B5 /* Debug */,
				FAF0F9F728C770AD00CC98B5 /* Release */,
			);
			defaultConfigurationIsVisible = 0;
			defaultConfigurationName = Release;
		};
		FAF0F9F828C770AD00CC98B5 /* Build configuration list for PBXNativeTarget "AlertControllerExample" */ = {
			isa = XCConfigurationList;
			buildConfigurations = (
				FAF0F9F928C770AD00CC98B5 /* Debug */,
				FAF0F9FA28C770AD00CC98B5 /* Release */,
			);
			defaultConfigurationIsVisible = 0;
			defaultConfigurationName = Release;
		};
		FAF0F9FB28C770AD00CC98B5 /* Build configuration list for PBXNativeTarget "AlertControllerExampleTests" */ = {
			isa = XCConfigurationList;
			buildConfigurations = (
				FAF0F9FC28C770AD00CC98B5 /* Debug */,
				FAF0F9FD28C770AD00CC98B5 /* Release */,
			);
			defaultConfigurationIsVisible = 0;
			defaultConfigurationName = Release;
		};
		FAF0F9FE28C770AD00CC98B5 /* Build configuration list for PBXNativeTarget "AlertControllerExampleUITests" */ = {
			isa = XCConfigurationList;
			buildConfigurations = (
				FAF0F9FF28C770AD00CC98B5 /* Debug */,
				FAF0FA0028C770AD00CC98B5 /* Release */,
			);
			defaultConfigurationIsVisible = 0;
			defaultConfigurationName = Release;
		};
/* End XCConfigurationList section */

/* Begin XCSwiftPackageProductDependency section */
		FAC1442228C7733500696E0A /* AlertController */ = {
			isa = XCSwiftPackageProductDependency;
			productName = AlertController;
		};
/* End XCSwiftPackageProductDependency section */
	};
	rootObject = FAF0F9C628C770AC00CC98B5 /* Project object */;
}
